{
  "nodes": {
    "nixpkgs": {
      "locked": {
        "lastModified": 1733619357,
        "narHash": "sha256-EeGy/NUaxDZU0t+cP3kfBUYqpBdOAC2Vqpe7ePL82Xo=",
        "owner": "nixos",
        "repo": "nixpkgs",
        "rev": "2606a241d499d671a2264f28f9c6a7f9971d435a",
        "type": "github"
      },
      "original": {
        "owner": "nixos",
        "repo": "nixpkgs",
        "type": "github"
      }
    },
    "root": {
      "inputs": {
        "nixpkgs": "nixpkgs"
      }
    }
  },
  "root": "root",
  "version": 7
}
